
Microsoft Visual Studio Solution File, Format Version 12.00
# Visual Studio Version 16
VisualStudioVersion = 16.0.30711.63
MinimumVisualStudioVersion = 10.0.40219.1
Project("{FAE04EC0-301F-11D3-BF4B-00C04F79EFBC}") = "ClinicalX", "ClinicalX\ClinicalX.csproj", "{E7224F02-8F04-4C02-B610-5CCFC20D6378}"
EndProject
Global
	GlobalSection(SolutionConfigurationPlatforms) = preSolution
		Debug|Any CPU = Debug|Any CPU
		Release|Any CPU = Release|Any CPU
	EndGlobalSection
	GlobalSection(ProjectConfigurationPlatforms) = postSolution
		{E7224F02-8F04-4C02-B610-5CCFC20D6378}.Debug|Any CPU.ActiveCfg = Debug|Any CPU
		{E7224F02-8F04-4C02-B610-5CCFC20D6378}.Debug|Any CPU.Build.0 = Debug|Any CPU
		{E7224F02-8F04-4C02-B610-5CCFC20D6378}.Release|Any CPU.ActiveCfg = Release|Any CPU
		{E7224F02-8F04-4C02-B610-5CCFC20D6378}.Release|Any CPU.Build.0 = Release|Any CPU
	EndGlobalSection
	GlobalSection(SolutionProperties) = preSolution
		HideSolutionNode = FALSE
	EndGlobalSection
	GlobalSection(ExtensibilityGlobals) = postSolution
		SolutionGuid = {98C012FA-B08E-4861-AE20-D47C84AC021D}
	EndGlobalSection
EndGlobal
